// !$*UTF8*$!
{
	archiveVersion = 1;
	classes = {
	};
	objectVersion = 46;
	objects = {

/* Begin PBXBuildFile section */
		9DBE37511DB7990900ABE422 /* AppDelegate.m in Sources */ = {isa = PBXBuildFile; fileRef = 9DBE37501DB7990900ABE422 /* AppDelegate.m */; };
		9DBE37541DB7990900ABE422 /* main.m in Sources */ = {isa = PBXBuildFile; fileRef = 9DBE37531DB7990900ABE422 /* main.m */; };
		9DBE37561DB7990900ABE422 /* Assets.xcassets in Resources */ = {isa = PBXBuildFile; fileRef = 9DBE37551DB7990900ABE422 /* Assets.xcassets */; };
		9DBE37621DB7996100ABE422 /* DDC.c in Sources */ = {isa = PBXBuildFile; fileRef = 9DBE37601DB7996100ABE422 /* DDC.c */; settings = {COMPILER_FLAGS = "-fno-objc-arc"; }; };
/* End PBXBuildFile section */

/* Begin PBXFileReference section */
		9D1F75421DBD44310039345A /* OSD.h */ = {isa = PBXFileReference; lastKnownFileType = sourcecode.c.h; path = OSD.h; sourceTree = "<group>"; };
		9DBE374C1DB7990900ABE422 /* NativeDisplayBrightness.app */ = {isa = PBXFileReference; explicitFileType = wrapper.application; includeInIndex = 0; path = NativeDisplayBrightness.app; sourceTree = BUILT_PRODUCTS_DIR; };
		9DBE374F1DB7990900ABE422 /* AppDelegate.h */ = {isa = PBXFileReference; lastKnownFileType = sourcecode.c.h; path = AppDelegate.h; sourceTree = "<group>"; };
		9DBE37501DB7990900ABE422 /* AppDelegate.m */ = {isa = PBXFileReference; lastKnownFileType = sourcecode.c.objc; path = AppDelegate.m; sourceTree = "<group>"; };
		9DBE37531DB7990900ABE422 /* main.m */ = {isa = PBXFileReference; lastKnownFileType = sourcecode.c.objc; path = main.m; sourceTree = "<group>"; };
		9DBE37551DB7990900ABE422 /* Assets.xcassets */ = {isa = PBXFileReference; lastKnownFileType = folder.assetcatalog; path = Assets.xcassets; sourceTree = "<group>"; };
		9DBE375A1DB7990900ABE422 /* Info.plist */ = {isa = PBXFileReference; lastKnownFileType = text.plist.xml; path = Info.plist; sourceTree = "<group>"; };
		9DBE37601DB7996100ABE422 /* DDC.c */ = {isa = PBXFileReference; fileEncoding = 4; lastKnownFileType = sourcecode.c.c; path = DDC.c; sourceTree = "<group>"; };
		9DBE37611DB7996100ABE422 /* DDC.h */ = {isa = PBXFileReference; fileEncoding = 4; lastKnownFileType = sourcecode.c.h; path = DDC.h; sourceTree = "<group>"; };
		9DBE37631DB79A4000ABE422 /* BezelServices.h */ = {isa = PBXFileReference; lastKnownFileType = sourcecode.c.h; path = BezelServices.h; sourceTree = "<group>"; };
		9DBE37641DB7A87200ABE422 /* Readme.md */ = {isa = PBXFileReference; fileEncoding = 4; lastKnownFileType = net.daringfireball.markdown; name = Readme.md; path = NativeDisplayBrightness/Readme.md; sourceTree = SOURCE_ROOT; };
		9DBE37661DB7A9D600ABE422 /* License.txt */ = {isa = PBXFileReference; lastKnownFileType = text; name = License.txt; path = NativeDisplayBrightness/License.txt; sourceTree = SOURCE_ROOT; };
/* End PBXFileReference section */

/* Begin PBXFrameworksBuildPhase section */
		9DBE37491DB7990900ABE422 /* Frameworks */ = {
			isa = PBXFrameworksBuildPhase;
			buildActionMask = 2147483647;
			files = (
			);
			runOnlyForDeploymentPostprocessing = 0;
		};
/* End PBXFrameworksBuildPhase section */

/* Begin PBXGroup section */
		9DBE37431DB7990900ABE422 = {
			isa = PBXGroup;
			children = (
				9DBE374E1DB7990900ABE422 /* NativeDisplayBrightness */,
				9DBE374D1DB7990900ABE422 /* Products */,
			);
			sourceTree = "<group>";
		};
		9DBE374D1DB7990900ABE422 /* Products */ = {
			isa = PBXGroup;
			children = (
				9DBE374C1DB7990900ABE422 /* NativeDisplayBrightness.app */,
			);
			name = Products;
			sourceTree = "<group>";
		};
		9DBE374E1DB7990900ABE422 /* NativeDisplayBrightness */ = {
			isa = PBXGroup;
			children = (
				F8DB0B54201DE41300991F83 /* Info */,
				F8DB0B56201DE44A00991F83 /* Classes */,
				F8DB0B55201DE43A00991F83 /* Resources */,
				9DBE37521DB7990900ABE422 /* Supporting Files */,
			);
			path = NativeDisplayBrightness;
			sourceTree = "<group>";
		};
		9DBE37521DB7990900ABE422 /* Supporting Files */ = {
			isa = PBXGroup;
			children = (
				9DBE375A1DB7990900ABE422 /* Info.plist */,
				9DBE37531DB7990900ABE422 /* main.m */,
			);
			name = "Supporting Files";
			sourceTree = "<group>";
		};
		F8DB0B54201DE41300991F83 /* Info */ = {
			isa = PBXGroup;
			children = (
				9DBE37641DB7A87200ABE422 /* Readme.md */,
				9DBE37661DB7A9D600ABE422 /* License.txt */,
			);
			name = Info;
			sourceTree = "<group>";
		};
		F8DB0B55201DE43A00991F83 /* Resources */ = {
			isa = PBXGroup;
			children = (
				9DBE37551DB7990900ABE422 /* Assets.xcassets */,
			);
			name = Resources;
			sourceTree = "<group>";
		};
		F8DB0B56201DE44A00991F83 /* Classes */ = {
			isa = PBXGroup;
			children = (
				9DBE374F1DB7990900ABE422 /* AppDelegate.h */,
				9DBE37501DB7990900ABE422 /* AppDelegate.m */,
				9DBE37601DB7996100ABE422 /* DDC.c */,
				9DBE37611DB7996100ABE422 /* DDC.h */,
				9DBE37631DB79A4000ABE422 /* BezelServices.h */,
				9D1F75421DBD44310039345A /* OSD.h */,
			);
			name = Classes;
			sourceTree = "<group>";
		};
/* End PBXGroup section */

/* Begin PBXNativeTarget section */
		9DBE374B1DB7990900ABE422 /* NativeDisplayBrightness */ = {
			isa = PBXNativeTarget;
			buildConfigurationList = 9DBE375D1DB7990900ABE422 /* Build configuration list for PBXNativeTarget "NativeDisplayBrightness" */;
			buildPhases = (
				9DBE37481DB7990900ABE422 /* Sources */,
				9DBE37491DB7990900ABE422 /* Frameworks */,
				9DBE374A1DB7990900ABE422 /* Resources */,
			);
			buildRules = (
			);
			dependencies = (
			);
			name = NativeDisplayBrightness;
			productName = NativeDisplayBrightness;
			productReference = 9DBE374C1DB7990900ABE422 /* NativeDisplayBrightness.app */;
			productType = "com.apple.product-type.application";
		};
/* End PBXNativeTarget section */

/* Begin PBXProject section */
		9DBE37441DB7990900ABE422 /* Project object */ = {
			isa = PBXProject;
			attributes = {
				LastUpgradeCheck = 0920;
				ORGANIZATIONNAME = "Benno Krauss";
				TargetAttributes = {
					9DBE374B1DB7990900ABE422 = {
						CreatedOnToolsVersion = 8.0;
						ProvisioningStyle = Automatic;
					};
				};
			};
			buildConfigurationList = 9DBE37471DB7990900ABE422 /* Build configuration list for PBXProject "NativeDisplayBrightness" */;
			compatibilityVersion = "Xcode 3.2";
			developmentRegion = English;
			hasScannedForEncodings = 0;
			knownRegions = (
				en,
				Base,
			);
			mainGroup = 9DBE37431DB7990900ABE422;
			productRefGroup = 9DBE374D1DB7990900ABE422 /* Products */;
			projectDirPath = "";
			projectRoot = "";
			targets = (
				9DBE374B1DB7990900ABE422 /* NativeDisplayBrightness */,
			);
		};
/* End PBXProject section */

/* Begin PBXResourcesBuildPhase section */
		9DBE374A1DB7990900ABE422 /* Resources */ = {
			isa = PBXResourcesBuildPhase;
			buildActionMask = 2147483647;
			files = (
				9DBE37561DB7990900ABE422 /* Assets.xcassets in Resources */,
			);
			runOnlyForDeploymentPostprocessing = 0;
		};
/* End PBXResourcesBuildPhase section */

/* Begin PBXSourcesBuildPhase section */
		9DBE37481DB7990900ABE422 /* Sources */ = {
			isa = PBXSourcesBuildPhase;
			buildActionMask = 2147483647;
			files = (
				9DBE37621DB7996100ABE422 /* DDC.c in Sources */,
				9DBE37541DB7990900ABE422 /* main.m in Sources */,
				9DBE37511DB7990900ABE422 /* AppDelegate.m in Sources */,
			);
			runOnlyForDeploymentPostprocessing = 0;
		};
/* End PBXSourcesBuildPhase section */

/* Begin XCBuildConfiguration section */
		9DBE375B1DB7990900ABE422 /* Debug */ = {
			isa = XCBuildConfiguration;
			buildSettings = {
				ALWAYS_SEARCH_USER_PATHS = NO;
				CLANG_ANALYZER_NONNULL = YES;
				CLANG_CXX_LANGUAGE_STANDARD = "gnu++0x";
				CLANG_CXX_LIBRARY = "libc++";
				CLANG_ENABLE_MODULES = YES;
				CLANG_ENABLE_OBJC_ARC = YES;
				CLANG_WARN_BOOL_CONVERSION = YES;
				CLANG_WARN_CONSTANT_CONVERSION = YES;
				CLANG_WARN_DIRECT_OBJC_ISA_USAGE = YES_ERROR;
				CLANG_WARN_DOCUMENTATION_COMMENTS = YES;
				CLANG_WARN_EMPTY_BODY = YES;
				CLANG_WARN_ENUM_CONVERSION = YES;
				CLANG_WARN_INFINITE_RECURSION = YES;
				CLANG_WARN_INT_CONVERSION = YES;
				CLANG_WARN_OBJC_ROOT_CLASS = YES_ERROR;
				CLANG_WARN_SUSPICIOUS_MOVES = YES;
				CLANG_WARN_UNREACHABLE_CODE = YES;
				CLANG_WARN__DUPLICATE_METHOD_MATCH = YES;
				CODE_SIGN_IDENTITY = "-";
				COPY_PHASE_STRIP = NO;
				DEBUG_INFORMATION_FORMAT = dwarf;
				ENABLE_STRICT_OBJC_MSGSEND = YES;
				ENABLE_TESTABILITY = YES;
				GCC_C_LANGUAGE_STANDARD = gnu99;
				GCC_DYNAMIC_NO_PIC = NO;
				GCC_NO_COMMON_BLOCKS = YES;
				GCC_OPTIMIZATION_LEVEL = 0;
				GCC_PREPROCESSOR_DEFINITIONS = (
					"DEBUG=1",
					"$(inherited)",
				);
				GCC_WARN_64_TO_32_BIT_CONVERSION = YES;
				GCC_WARN_ABOUT_RETURN_TYPE = YES_ERROR;
				GCC_WARN_UNDECLARED_SELECTOR = YES;
				GCC_WARN_UNINITIALIZED_AUTOS = YES_AGGRESSIVE;
				GCC_WARN_UNUSED_FUNCTION = YES;
				GCC_WARN_UNUSED_VARIABLE = YES;
				MACOSX_DEPLOYMENT_TARGET = 10.11;
				MTL_ENABLE_DEBUG_INFO = YES;
				ONLY_ACTIVE_ARCH = YES;
				SDKROOT = macosx;
			};
			name = Debug;
		};
		9DBE375C1DB7990900ABE422 /* Release */ = {
			isa = XCBuildConfiguration;
			buildSettings = {
				ALWAYS_SEARCH_USER_PATHS = NO;
				CLANG_ANALYZER_NONNULL = YES;
				CLANG_CXX_LANGUAGE_STANDARD = "gnu++0x";
				CLANG_CXX_LIBRARY = "libc++";
				CLANG_ENABLE_MODULES = YES;
				CLANG_ENABLE_OBJC_ARC = YES;
				CLANG_WARN_BOOL_CONVERSION = YES;
				CLANG_WARN_CONSTANT_CONVERSION = YES;
				CLANG_WARN_DIRECT_OBJC_ISA_USAGE = YES_ERROR;
				CLANG_WARN_DOCUMENTATION_COMMENTS = YES;
				CLANG_WARN_EMPTY_BODY = YES;
				CLANG_WARN_ENUM_CONVERSION = YES;
				CLANG_WARN_INFINITE_RECURSION = YES;
				CLANG_WARN_INT_CONVERSION = YES;
				CLANG_WARN_OBJC_ROOT_CLASS = YES_ERROR;
				CLANG_WARN_SUSPICIOUS_MOVES = YES;
				CLANG_WARN_UNREACHABLE_CODE = YES;
				CLANG_WARN__DUPLICATE_METHOD_MATCH = YES;
				CODE_SIGN_IDENTITY = "-";
				COPY_PHASE_STRIP = NO;
				DEBUG_INFORMATION_FORMAT = "dwarf-with-dsym";
				ENABLE_NS_ASSERTIONS = NO;
				ENABLE_STRICT_OBJC_MSGSEND = YES;
				GCC_C_LANGUAGE_STANDARD = gnu99;
				GCC_NO_COMMON_BLOCKS = YES;
				GCC_WARN_64_TO_32_BIT_CONVERSION = YES;
				GCC_WARN_ABOUT_RETURN_TYPE = YES_ERROR;
				GCC_WARN_UNDECLARED_SELECTOR = YES;
				GCC_WARN_UNINITIALIZED_AUTOS = YES_AGGRESSIVE;
				GCC_WARN_UNUSED_FUNCTION = YES;
				GCC_WARN_UNUSED_VARIABLE = YES;
				MACOSX_DEPLOYMENT_TARGET = 10.11;
				MTL_ENABLE_DEBUG_INFO = NO;
				SDKROOT = macosx;
			};
			name = Release;
		};
		9DBE375E1DB7990900ABE422 /* Debug */ = {
			isa = XCBuildConfiguration;
			buildSettings = {
				ASSETCATALOG_COMPILER_APPICON_NAME = AppIcon;
				COMBINE_HIDPI_IMAGES = YES;
				INFOPLIST_FILE = NativeDisplayBrightness/Info.plist;
				LD_RUNPATH_SEARCH_PATHS = "$(inherited) @executable_path/../Frameworks";
				MACOSX_DEPLOYMENT_TARGET = 10.10;
				PRODUCT_BUNDLE_IDENTIFIER = com.bensge.NativeDisplayBrightness;
				PRODUCT_NAME = "$(TARGET_NAME)";
			};
			name = Debug;
		};
		9DBE375F1DB7990900ABE422 /* Release */ = {
			isa = XCBuildConfiguration;
			buildSettings = {
				ASSETCATALOG_COMPILER_APPICON_NAME = AppIcon;
				COMBINE_HIDPI_IMAGES = YES;
				INFOPLIST_FILE = NativeDisplayBrightness/Info.plist;
				LD_RUNPATH_SEARCH_PATHS = "$(inherited) @executable_path/../Frameworks";
				MACOSX_DEPLOYMENT_TARGET = 10.10;
				PRODUCT_BUNDLE_IDENTIFIER = com.bensge.NativeDisplayBrightness;
				PRODUCT_NAME = "$(TARGET_NAME)";
			};
			name = Release;
		};
/* End XCBuildConfiguration section */

/* Begin XCConfigurationList section */
		9DBE37471DB7990900ABE422 /* Build configuration list for PBXProject "NativeDisplayBrightness" */ = {
			isa = XCConfigurationList;
			buildConfigurations = (
				9DBE375B1DB7990900ABE422 /* Debug */,
				9DBE375C1DB7990900ABE422 /* Release */,
			);
			defaultConfigurationIsVisible = 0;
			defaultConfigurationName = Release;
		};
		9DBE375D1DB7990900ABE422 /* Build configuration list for PBXNativeTarget "NativeDisplayBrightness" */ = {
			isa = XCConfigurationList;
			buildConfigurations = (
				9DBE375E1DB7990900ABE422 /* Debug */,
				9DBE375F1DB7990900ABE422 /* Release */,
			);
			defaultConfigurationIsVisible = 0;
			defaultConfigurationName = Release;
		};
/* End XCConfigurationList section */
	};
	rootObject = 9DBE37441DB7990900ABE422 /* Project object */;
}
